
Microsoft Visual Studio Solution File, Format Version 12.00
# Visual Studio Version 17
VisualStudioVersion = 17.14.36127.28 d17.14
MinimumVisualStudioVersion = 10.0.40219.1
Project("{FAE04EC0-301F-11D3-BF4B-00C04F79EFBC}") = "fnPayment", "fnPayment\fnPayment.csproj", "{AF1AEE8F-AFE1-4965-83E6-304D469E0019}"
EndProject
Global
	GlobalSection(SolutionConfigurationPlatforms) = preSolution
		Debug|Any CPU = Debug|Any CPU
		Release|Any CPU = Release|Any CPU
	EndGlobalSection
	GlobalSection(ProjectConfigurationPlatforms) = postSolution
		{AF1AEE8F-AFE1-4965-83E6-304D469E0019}.Debug|Any CPU.ActiveCfg = Debug|Any CPU
		{AF1AEE8F-AFE1-4965-83E6-304D469E0019}.Debug|Any CPU.Build.0 = Debug|Any CPU
		{AF1AEE8F-AFE1-4965-83E6-304D469E0019}.Release|Any CPU.ActiveCfg = Release|Any CPU
		{AF1AEE8F-AFE1-4965-83E6-304D469E0019}.Release|Any CPU.Build.0 = Release|Any CPU
	EndGlobalSection
	GlobalSection(SolutionProperties) = preSolution
		HideSolutionNode = FALSE
	EndGlobalSection
	GlobalSection(ExtensibilityGlobals) = postSolution
		SolutionGuid = {ADBF3055-ED5A-464F-910C-503CE3A146B1}
	EndGlobalSection
EndGlobal
